<?xml version="1.0" encoding="utf-8"?>
<Project ToolsVersion="4.0" xmlns="http://schemas.microsoft.com/developer/msbuild/2003">
  <ItemGroup>
    <Filter Include="Source Files">
      <UniqueIdentifier>{4FC737F1-C7A5-4376-A066-2A32D752A2FF}</UniqueIdentifier>
      <Extensions>cpp;c;cc;cxx;def;odl;idl;hpj;bat;asm;asmx</Extensions>
    </Filter>
    <Filter Include="Header Files">
      <UniqueIdentifier>{93995380-89BD-4b04-88EB-625FBE52EBFB}</UniqueIdentifier>
      <Extensions>h;hh;hpp;hxx;hm;inl;inc;xsd</Extensions>
    </Filter>
    <Filter Include="Resource Files">
      <UniqueIdentifier>{67DA6AB6-F800-4c08-8B7A-83BB121AAD01}</UniqueIdentifier>
      <Extensions>rc;ico;cur;bmp;dlg;rc2;rct;bin;rgs;gif;jpg;jpeg;jpe;resx;tiff;tif;png;wav;mfcribbon-ms</Extensions>
    </Filter>
    <Filter Include="Source Files\Console">
      <UniqueIdentifier>{b7f4fec5-3a51-4f5d-b2cc-79c95aeb4347}</UniqueIdentifier>
    </Filter>
    <Filter Include="Source Files\System">
      <UniqueIdentifier>{4853f664-eee4-4dcb-9241-3435283a408e}</UniqueIdentifier>
    </Filter>
    <Filter Include="Shaders">
      <UniqueIdentifier>{12a0d354-07f2-4020-988b-a350cb1cf2ba}</UniqueIdentifier>
    </Filter>
    <Filter Include="Source Files\DDSLoader">
      <UniqueIdentifier>{308a5120-133e-47b0-af49-bdb1d67de8ed}</UniqueIdentifier>
    </Filter>
    <Filter Include="Source Files\Buffers">
      <UniqueIdentifier>{ed80c113-5b0e-402a-89f8-6c4248c037cd}</UniqueIdentifier>
    </Filter>
    <Filter Include="Source Files\Sprite">
      <UniqueIdentifier>{5711840b-c7d1-406b-bd66-6697b8c1572e}</UniqueIdentifier>
    </Filter>
    <Filter Include="Source Files\Texture">
      <UniqueIdentifier>{08ed9188-789e-46e8-9bb0-da57272669b2}</UniqueIdentifier>
    </Filter>
    <Filter Include="Source Files\Helpers">
      <UniqueIdentifier>{ba2dbd13-2d08-40cd-8fc5-0372e3507c9e}</UniqueIdentifier>
    </Filter>
  </ItemGroup>
  <ItemGroup>
    <Text Include="ReadMe.txt" />
  </ItemGroup>
  <ItemGroup>
    <ClInclude Include="BasicTypes.h">
      <Filter>Header Files</Filter>
    </ClInclude>
    <ClInclude Include="GLib.h">
      <Filter>Header Files</Filter>
    </ClInclude>
    <ClInclude Include="Buffers\CPUAccessableBuffer.h">
      <Filter>Source Files\Buffers</Filter>
    </ClInclude>
    <ClInclude Include="Buffers\DrawResourcesBuffer.h">
      <Filter>Source Files\Buffers</Filter>
    </ClInclude>
    <ClInclude Include="Buffers\DrawResourcesBuffer-inl.h">
      <Filter>Source Files\Buffers</Filter>
    </ClInclude>
    <ClInclude Include="Buffers\IGPUResourceBuffer.h">
      <Filter>Source Files\Buffers</Filter>
    </ClInclude>
    <ClInclude Include="Buffers\ImmutableBuffer.h">
      <Filter>Source Files\Buffers</Filter>
    </ClInclude>
    <ClInclude Include="Console\ConsolePrint.h">
      <Filter>Source Files\Console</Filter>
    </ClInclude>
    <ClInclude Include="DDSLoader\DDSTextureLoader.h">
      <Filter>Source Files\DDSLoader</Filter>
    </ClInclude>
    <ClInclude Include="Texture\Texture.h">
      <Filter>Source Files\Texture</Filter>
    </ClInclude>
    <ClInclude Include="Sprite\SpritePS.h">
      <Filter>Source Files\Sprite</Filter>
    </ClInclude>
    <ClInclude Include="Sprite\SpriteVS.h">
      <Filter>Source Files\Sprite</Filter>
    </ClInclude>
    <ClInclude Include="System\Device.h">
      <Filter>Source Files\System</Filter>
    </ClInclude>
    <ClInclude Include="System\Device-inl.h">
      <Filter>Source Files\System</Filter>
    </ClInclude>
    <ClInclude Include="System\DXHelpers.h">
      <Filter>Source Files\System</Filter>
    </ClInclude>
    <ClInclude Include="System\DXHelpers-inl.h">
      <Filter>Source Files\System</Filter>
    </ClInclude>
    <ClInclude Include="System\Helpers.h">
      <Filter>Source Files\System</Filter>
    </ClInclude>
    <ClInclude Include="System\Initialization.h">
      <Filter>Source Files\System</Filter>
    </ClInclude>
    <ClInclude Include="System\Input.h">
      <Filter>Source Files\System</Filter>
    </ClInclude>
    <ClInclude Include="System\Window.h">
      <Filter>Source Files\System</Filter>
    </ClInclude>
    <ClInclude Include="Helpers\IReferenceCounted.h">
      <Filter>Source Files\Helpers</Filter>
    </ClInclude>
    <ClInclude Include="Sprite\Sprite.h">
      <Filter>Source Files\Sprite</Filter>
    </ClInclude>
  </ItemGroup>
  <ItemGroup>
    <ClCompile Include="Buffers\CPUAccessableBuffer.cpp">
      <Filter>Source Files\Buffers</Filter>
    </ClCompile>
    <ClCompile Include="Buffers\DrawResourcesBuffer.cpp">
      <Filter>Source Files\Buffers</Filter>
    </ClCompile>
    <ClCompile Include="Buffers\ImmutableBuffer.cpp">
      <Filter>Source Files\Buffers</Filter>
    </ClCompile>
    <ClCompile Include="Console\ConsolePrint.Win32.cpp">
      <Filter>Source Files\Console</Filter>
    </ClCompile>
    <ClCompile Include="DDSLoader\DDSTextureLoader.cpp">
      <Filter>Source Files\DDSLoader</Filter>
    </ClCompile>
    <ClCompile Include="Texture\Texture.cpp">
      <Filter>Source Files\Texture</Filter>
    </ClCompile>
    <ClCompile Include="System\Device.cpp">
      <Filter>Source Files\System</Filter>
    </ClCompile>
    <ClCompile Include="System\Initialization.cpp">
      <Filter>Source Files\System</Filter>
    </ClCompile>
    <ClCompile Include="System\Input.cpp">
      <Filter>Source Files\System</Filter>
    </ClCompile>
    <ClCompile Include="System\Render.cpp">
      <Filter>Source Files\System</Filter>
    </ClCompile>
    <ClCompile Include="System\Service.cpp">
      <Filter>Source Files\System</Filter>
    </ClCompile>
    <ClCompile Include="System\Window.cpp">
      <Filter>Source Files\System</Filter>
    </ClCompile>
    <ClCompile Include="Sprite\Sprite.cpp">
      <Filter>Source Files\Sprite</Filter>
    </ClCompile>
  </ItemGroup>
  <ItemGroup>
    <FxCompile Include="Shaders\SpritePS.hlsl">
      <Filter>Shaders</Filter>
    </FxCompile>
    <FxCompile Include="Shaders\SpriteVS.hlsl">
      <Filter>Shaders</Filter>
    </FxCompile>
  </ItemGroup>
  <ItemGroup>
    <None Include="Shaders\VSOutput.hlsli">
      <Filter>Shaders</Filter>
    </None>
  </ItemGroup>
</Project>